
Microsoft Visual Studio Solution File, Format Version 12.00
# Visual Studio Version 17
VisualStudioVersion = 17.5.33627.172
MinimumVisualStudioVersion = 10.0.40219.1
Project("{8BC9CEB8-8B4A-11D0-8D11-00A0C91BC942}") = "Quinto Ejercicio", "Quinto Ejercicio.vcxproj", "{4B6EBE3F-5E32-42A0-856C-6015A21FD83B}"
EndProject
Global
	GlobalSection(SolutionConfigurationPlatforms) = preSolution
		Debug|x64 = Debug|x64
		Debug|x86 = Debug|x86
		Release|x64 = Release|x64
		Release|x86 = Release|x86
	EndGlobalSection
	GlobalSection(ProjectConfigurationPlatforms) = postSolution
		{4B6EBE3F-5E32-42A0-856C-6015A21FD83B}.Debug|x64.ActiveCfg = Debug|x64
		{4B6EBE3F-5E32-42A0-856C-6015A21FD83B}.Debug|x64.Build.0 = Debug|x64
		{4B6EBE3F-5E32-42A0-856C-6015A21FD83B}.Debug|x86.ActiveCfg = Debug|Win32
		{4B6EBE3F-5E32-42A0-856C-6015A21FD83B}.Debug|x86.Build.0 = Debug|Win32
		{4B6EBE3F-5E32-42A0-856C-6015A21FD83B}.Release|x64.ActiveCfg = Release|x64
		{4B6EBE3F-5E32-42A0-856C-6015A21FD83B}.Release|x64.Build.0 = Release|x64
		{4B6EBE3F-5E32-42A0-856C-6015A21FD83B}.Release|x86.ActiveCfg = Release|Win32
		{4B6EBE3F-5E32-42A0-856C-6015A21FD83B}.Release|x86.Build.0 = Release|Win32
	EndGlobalSection
	GlobalSection(SolutionProperties) = preSolution
		HideSolutionNode = FALSE
	EndGlobalSection
	GlobalSection(ExtensibilityGlobals) = postSolution
		SolutionGuid = {76418CEF-61A0-46A7-8E14-57B60CEF9A40}
	EndGlobalSection
EndGlobal
